
Microsoft Visual Studio Solution File, Format Version 12.00
# Visual Studio Version 17
VisualStudioVersion = 17.7.34202.233
MinimumVisualStudioVersion = 10.0.40219.1
Project("{9A19103F-16F7-4668-BE54-9A1E7A4F7556}") = "KitapMVCInveonOrnek", "KitapMVCInveonOrnek\KitapMVCInveonOrnek.csproj", "{879E62D7-F354-4A18-A930-5ED0FAB0791B}"
EndProject
Project("{9A19103F-16F7-4668-BE54-9A1E7A4F7556}") = "CodeFirstInveonOrnek", "CodeFirstInveonOrnek\CodeFirstInveonOrnek.csproj", "{91CE6640-B8E0-43E9-831E-FF56358FA762}"
EndProject
Global
	GlobalSection(SolutionConfigurationPlatforms) = preSolution
		Debug|Any CPU = Debug|Any CPU
		Release|Any CPU = Release|Any CPU
	EndGlobalSection
	GlobalSection(ProjectConfigurationPlatforms) = postSolution
		{879E62D7-F354-4A18-A930-5ED0FAB0791B}.Debug|Any CPU.ActiveCfg = Debug|Any CPU
		{879E62D7-F354-4A18-A930-5ED0FAB0791B}.Debug|Any CPU.Build.0 = Debug|Any CPU
		{879E62D7-F354-4A18-A930-5ED0FAB0791B}.Release|Any CPU.ActiveCfg = Release|Any CPU
		{879E62D7-F354-4A18-A930-5ED0FAB0791B}.Release|Any CPU.Build.0 = Release|Any CPU
		{91CE6640-B8E0-43E9-831E-FF56358FA762}.Debug|Any CPU.ActiveCfg = Debug|Any CPU
		{91CE6640-B8E0-43E9-831E-FF56358FA762}.Debug|Any CPU.Build.0 = Debug|Any CPU
		{91CE6640-B8E0-43E9-831E-FF56358FA762}.Release|Any CPU.ActiveCfg = Release|Any CPU
		{91CE6640-B8E0-43E9-831E-FF56358FA762}.Release|Any CPU.Build.0 = Release|Any CPU
	EndGlobalSection
	GlobalSection(SolutionProperties) = preSolution
		HideSolutionNode = FALSE
	EndGlobalSection
	GlobalSection(ExtensibilityGlobals) = postSolution
		SolutionGuid = {C1C27D1A-C665-4EA9-B1BC-67C266B88EA0}
	EndGlobalSection
EndGlobal
